
Microsoft Visual Studio Solution File, Format Version 12.00
# Visual Studio Version 16
VisualStudioVersion = 16.0.30517.126
MinimumVisualStudioVersion = 10.0.40219.1
Project("{FAE04EC0-301F-11D3-BF4B-00C04F79EFBC}") = "ModelLayer", "ModelLayer\ModelLayer.csproj", "{DA6C1161-42E8-43FF-83B5-4277AA74B957}"
EndProject
Project("{FAE04EC0-301F-11D3-BF4B-00C04F79EFBC}") = "DataAccessLayerEF", "DataAccessLayerEF\DataAccessLayerEF.csproj", "{01493681-FE33-4349-92C1-D976C2929AA1}"
EndProject
Project("{FAE04EC0-301F-11D3-BF4B-00C04F79EFBC}") = "IntegrationTests", "IntegrationTests\IntegrationTests.csproj", "{2F180276-B32F-4768-8CCB-9BC891BACC94}"
EndProject
Global
	GlobalSection(SolutionConfigurationPlatforms) = preSolution
		Debug|Any CPU = Debug|Any CPU
		Release|Any CPU = Release|Any CPU
	EndGlobalSection
	GlobalSection(ProjectConfigurationPlatforms) = postSolution
		{DA6C1161-42E8-43FF-83B5-4277AA74B957}.Debug|Any CPU.ActiveCfg = Debug|Any CPU
		{DA6C1161-42E8-43FF-83B5-4277AA74B957}.Debug|Any CPU.Build.0 = Debug|Any CPU
		{DA6C1161-42E8-43FF-83B5-4277AA74B957}.Release|Any CPU.ActiveCfg = Release|Any CPU
		{DA6C1161-42E8-43FF-83B5-4277AA74B957}.Release|Any CPU.Build.0 = Release|Any CPU
		{01493681-FE33-4349-92C1-D976C2929AA1}.Debug|Any CPU.ActiveCfg = Debug|Any CPU
		{01493681-FE33-4349-92C1-D976C2929AA1}.Debug|Any CPU.Build.0 = Debug|Any CPU
		{01493681-FE33-4349-92C1-D976C2929AA1}.Release|Any CPU.ActiveCfg = Release|Any CPU
		{01493681-FE33-4349-92C1-D976C2929AA1}.Release|Any CPU.Build.0 = Release|Any CPU
		{2F180276-B32F-4768-8CCB-9BC891BACC94}.Debug|Any CPU.ActiveCfg = Debug|Any CPU
		{2F180276-B32F-4768-8CCB-9BC891BACC94}.Debug|Any CPU.Build.0 = Debug|Any CPU
		{2F180276-B32F-4768-8CCB-9BC891BACC94}.Release|Any CPU.ActiveCfg = Release|Any CPU
		{2F180276-B32F-4768-8CCB-9BC891BACC94}.Release|Any CPU.Build.0 = Release|Any CPU
	EndGlobalSection
	GlobalSection(SolutionProperties) = preSolution
		HideSolutionNode = FALSE
	EndGlobalSection
	GlobalSection(ExtensibilityGlobals) = postSolution
		SolutionGuid = {51CC3EF3-B6AE-498E-9815-6F678EED1993}
	EndGlobalSection
EndGlobal
